
Microsoft Visual Studio Solution File, Format Version 12.00
# Visual Studio Version 17
VisualStudioVersion = 17.0.31903.59
MinimumVisualStudioVersion = 10.0.40219.1
Project("{2150E333-8FDC-42A3-9474-1A3956D46DE8}") = "src", "src", "{664E4B32-24D2-4090-8A88-D3BA320FD2D0}"
EndProject
Project("{FAE04EC0-301F-11D3-BF4B-00C04F79EFBC}") = "RecambiosWOW.Core", "src\RecambiosWOW.Core\RecambiosWOW.Core.csproj", "{182E0A8C-D490-4BE0-B27D-8C26488C8FD8}"
EndProject
Project("{FAE04EC0-301F-11D3-BF4B-00C04F79EFBC}") = "RecambiosWOW.Infrastructure", "src\RecambiosWOW.Infrastructure\RecambiosWOW.Infrastructure.csproj", "{0C899F7D-C855-4828-B316-A38DC14198A6}"
EndProject
Project("{FAE04EC0-301F-11D3-BF4B-00C04F79EFBC}") = "RecambiosWOW.Application", "src\RecambiosWOW.Application\RecambiosWOW.Application.csproj", "{48EDAD10-0298-43E4-B5D8-0ACE6FF79F15}"
EndProject
Project("{FAE04EC0-301F-11D3-BF4B-00C04F79EFBC}") = "RecambiosWOW.Api", "src\RecambiosWOW.Api\RecambiosWOW.Api.csproj", "{B631FB07-914B-45DE-8987-7354CD5B9D3C}"
EndProject
Project("{2150E333-8FDC-42A3-9474-1A3956D46DE8}") = "tests", "tests", "{69923AA0-A6D9-4DD0-8A9B-74521D8AF92F}"
EndProject
Project("{FAE04EC0-301F-11D3-BF4B-00C04F79EFBC}") = "RecambiosWOW.Tests", "tests\RecambiosWOW.Tests\RecambiosWOW.Tests.csproj", "{00EBA30D-BDCC-43E3-A91D-F79D7187B05E}"
EndProject
Project("{FAE04EC0-301F-11D3-BF4B-00C04F79EFBC}") = "RecambiosWOW.Maui", "src\RecambiosWOW.Maui\RecambiosWOW.Maui.csproj", "{1D8D9251-F6F6-44D5-A3ED-A25C580AEEAE}"
EndProject
Project("{FAE04EC0-301F-11D3-BF4B-00C04F79EFBC}") = "RecambiosWOW.Shared", "src\RecambiosWOW.Shared\RecambiosWOW.Shared.csproj", "{302BEF40-E5A2-417C-B610-DDF70B60FF07}"
EndProject
Project("{FAE04EC0-301F-11D3-BF4B-00C04F79EFBC}") = "RecambiosWOW.Web", "src\RecambiosWOW.Web\RecambiosWOW.Web.csproj", "{C73A7578-809D-4A0E-86A4-700CB002493F}"
EndProject
Global
	GlobalSection(SolutionConfigurationPlatforms) = preSolution
		Debug|Any CPU = Debug|Any CPU
		Release|Any CPU = Release|Any CPU
	EndGlobalSection
	GlobalSection(SolutionProperties) = preSolution
		HideSolutionNode = FALSE
	EndGlobalSection
	GlobalSection(ProjectConfigurationPlatforms) = postSolution
		{182E0A8C-D490-4BE0-B27D-8C26488C8FD8}.Debug|Any CPU.ActiveCfg = Debug|Any CPU
		{182E0A8C-D490-4BE0-B27D-8C26488C8FD8}.Debug|Any CPU.Build.0 = Debug|Any CPU
		{182E0A8C-D490-4BE0-B27D-8C26488C8FD8}.Release|Any CPU.ActiveCfg = Release|Any CPU
		{182E0A8C-D490-4BE0-B27D-8C26488C8FD8}.Release|Any CPU.Build.0 = Release|Any CPU
		{0C899F7D-C855-4828-B316-A38DC14198A6}.Debug|Any CPU.ActiveCfg = Debug|Any CPU
		{0C899F7D-C855-4828-B316-A38DC14198A6}.Debug|Any CPU.Build.0 = Debug|Any CPU
		{0C899F7D-C855-4828-B316-A38DC14198A6}.Release|Any CPU.ActiveCfg = Release|Any CPU
		{0C899F7D-C855-4828-B316-A38DC14198A6}.Release|Any CPU.Build.0 = Release|Any CPU
		{48EDAD10-0298-43E4-B5D8-0ACE6FF79F15}.Debug|Any CPU.ActiveCfg = Debug|Any CPU
		{48EDAD10-0298-43E4-B5D8-0ACE6FF79F15}.Debug|Any CPU.Build.0 = Debug|Any CPU
		{48EDAD10-0298-43E4-B5D8-0ACE6FF79F15}.Release|Any CPU.ActiveCfg = Release|Any CPU
		{48EDAD10-0298-43E4-B5D8-0ACE6FF79F15}.Release|Any CPU.Build.0 = Release|Any CPU
		{B631FB07-914B-45DE-8987-7354CD5B9D3C}.Debug|Any CPU.ActiveCfg = Debug|Any CPU
		{B631FB07-914B-45DE-8987-7354CD5B9D3C}.Debug|Any CPU.Build.0 = Debug|Any CPU
		{B631FB07-914B-45DE-8987-7354CD5B9D3C}.Release|Any CPU.ActiveCfg = Release|Any CPU
		{B631FB07-914B-45DE-8987-7354CD5B9D3C}.Release|Any CPU.Build.0 = Release|Any CPU
		{00EBA30D-BDCC-43E3-A91D-F79D7187B05E}.Debug|Any CPU.ActiveCfg = Debug|Any CPU
		{00EBA30D-BDCC-43E3-A91D-F79D7187B05E}.Debug|Any CPU.Build.0 = Debug|Any CPU
		{00EBA30D-BDCC-43E3-A91D-F79D7187B05E}.Release|Any CPU.ActiveCfg = Release|Any CPU
		{00EBA30D-BDCC-43E3-A91D-F79D7187B05E}.Release|Any CPU.Build.0 = Release|Any CPU
		{1D8D9251-F6F6-44D5-A3ED-A25C580AEEAE}.Debug|Any CPU.ActiveCfg = Debug|Any CPU
		{1D8D9251-F6F6-44D5-A3ED-A25C580AEEAE}.Debug|Any CPU.Build.0 = Debug|Any CPU
		{1D8D9251-F6F6-44D5-A3ED-A25C580AEEAE}.Release|Any CPU.ActiveCfg = Release|Any CPU
		{1D8D9251-F6F6-44D5-A3ED-A25C580AEEAE}.Release|Any CPU.Build.0 = Release|Any CPU
		{302BEF40-E5A2-417C-B610-DDF70B60FF07}.Debug|Any CPU.ActiveCfg = Debug|Any CPU
		{302BEF40-E5A2-417C-B610-DDF70B60FF07}.Debug|Any CPU.Build.0 = Debug|Any CPU
		{302BEF40-E5A2-417C-B610-DDF70B60FF07}.Release|Any CPU.ActiveCfg = Release|Any CPU
		{302BEF40-E5A2-417C-B610-DDF70B60FF07}.Release|Any CPU.Build.0 = Release|Any CPU
		{C73A7578-809D-4A0E-86A4-700CB002493F}.Debug|Any CPU.ActiveCfg = Debug|Any CPU
		{C73A7578-809D-4A0E-86A4-700CB002493F}.Debug|Any CPU.Build.0 = Debug|Any CPU
		{C73A7578-809D-4A0E-86A4-700CB002493F}.Release|Any CPU.ActiveCfg = Release|Any CPU
		{C73A7578-809D-4A0E-86A4-700CB002493F}.Release|Any CPU.Build.0 = Release|Any CPU
	EndGlobalSection
	GlobalSection(NestedProjects) = preSolution
		{182E0A8C-D490-4BE0-B27D-8C26488C8FD8} = {664E4B32-24D2-4090-8A88-D3BA320FD2D0}
		{0C899F7D-C855-4828-B316-A38DC14198A6} = {664E4B32-24D2-4090-8A88-D3BA320FD2D0}
		{48EDAD10-0298-43E4-B5D8-0ACE6FF79F15} = {664E4B32-24D2-4090-8A88-D3BA320FD2D0}
		{B631FB07-914B-45DE-8987-7354CD5B9D3C} = {664E4B32-24D2-4090-8A88-D3BA320FD2D0}
		{00EBA30D-BDCC-43E3-A91D-F79D7187B05E} = {69923AA0-A6D9-4DD0-8A9B-74521D8AF92F}
		{1D8D9251-F6F6-44D5-A3ED-A25C580AEEAE} = {664E4B32-24D2-4090-8A88-D3BA320FD2D0}
		{302BEF40-E5A2-417C-B610-DDF70B60FF07} = {664E4B32-24D2-4090-8A88-D3BA320FD2D0}
		{C73A7578-809D-4A0E-86A4-700CB002493F} = {664E4B32-24D2-4090-8A88-D3BA320FD2D0}
	EndGlobalSection
EndGlobal
